
Microsoft Visual Studio Solution File, Format Version 12.00
# Visual Studio Version 16
VisualStudioVersion = 16.0.30225.117
MinimumVisualStudioVersion = 15.0.26124.0
Project("{2150E333-8FDC-42A3-9474-1A3956D46DE8}") = "Solution Items", "Solution Items", "{4DFAF2B0-3524-4D00-9F71-B954A4E605A1}"
	ProjectSection(SolutionItems) = preProject
		context-free grammar.md = context-free grammar.md
		tokens.md = tokens.md
	EndProjectSection
EndProject
Project("{9A19103F-16F7-4668-BE54-9A1E7A4F7556}") = "ABJAD.Models", "ABJAD.Models\ABJAD.Models.csproj", "{D9939A6E-4245-4DB2-8010-7C0E2F5E1224}"
EndProject
Project("{9A19103F-16F7-4668-BE54-9A1E7A4F7556}") = "ABJAD.IO", "ABJAD.IO\ABJAD.IO.csproj", "{4907B8B6-E56A-40D8-A5BF-DE1E1603B5DB}"
EndProject
Project("{FAE04EC0-301F-11D3-BF4B-00C04F79EFBC}") = "ABJAD", "ABJAD\ABJAD.csproj", "{061836ED-EA02-4905-BC55-3C1F18CB4703}"
EndProject
Project("{9A19103F-16F7-4668-BE54-9A1E7A4F7556}") = "ABJAD.InterpretEngine", "ABJAD.InterpretEngine\ABJAD.InterpretEngine.csproj", "{1553A181-2428-46AB-BA34-2573C0308B75}"
EndProject
Project("{9A19103F-16F7-4668-BE54-9A1E7A4F7556}") = "ABJAD.LexEngine", "ABJAD.LexEngine\ABJAD.LexEngine.csproj", "{6202AD88-DD81-44D4-8AD4-97C96F625035}"
EndProject
Project("{9A19103F-16F7-4668-BE54-9A1E7A4F7556}") = "ABJAD.ParseEngine", "ABJAD.ParseEngine\ABJAD.ParseEngine.csproj", "{F3A4E87F-93F2-43B8-84EB-0A77F120CAA4}"
EndProject
Project("{2150E333-8FDC-42A3-9474-1A3956D46DE8}") = "Engines", "Engines", "{D7E85E6C-50BD-4787-852F-BDFB5DF398AC}"
EndProject
Project("{2150E333-8FDC-42A3-9474-1A3956D46DE8}") = "Services", "Services", "{4C7A4A20-A817-45E8-9607-36D5C7AEE47B}"
EndProject
Project("{2150E333-8FDC-42A3-9474-1A3956D46DE8}") = "Test", "Test", "{66DA8BAB-B431-4C61-B3AD-1784BD11E59E}"
	ProjectSection(SolutionItems) = preProject
		Test\test1.abjad = Test\test1.abjad
		Test\test2.abjad = Test\test2.abjad
		Test\test3.abjad = Test\test3.abjad
		Test\test4.abjad = Test\test4.abjad
		Test\test5.abjad = Test\test5.abjad
		Test\test6.abjad = Test\test6.abjad
		Test\test7.abjad = Test\test7.abjad
		Test\test8.abjad = Test\test8.abjad
	EndProjectSection
EndProject
Project("{9A19103F-16F7-4668-BE54-9A1E7A4F7556}") = "LexerUnitTest", "Test\LexerUnitTest\LexerUnitTest.csproj", "{F851CE30-19F9-40F3-A703-10A7A2B67FAC}"
EndProject
Project("{9A19103F-16F7-4668-BE54-9A1E7A4F7556}") = "ParserUnitTest", "Test\ParserUnitTest\ParserUnitTest.csproj", "{03AD2547-8089-4FBA-90AA-32B6FBEAF6A3}"
EndProject
Project("{FAE04EC0-301F-11D3-BF4B-00C04F79EFBC}") = "InterpreterUnitTest", "Test\InterpreterUnitTest\InterpreterUnitTest.csproj", "{EF1418A8-240B-4F48-9D92-0BD3DBA78564}"
EndProject
Global
	GlobalSection(SolutionConfigurationPlatforms) = preSolution
		Debug|Any CPU = Debug|Any CPU
		Debug|x64 = Debug|x64
		Debug|x86 = Debug|x86
		Release|Any CPU = Release|Any CPU
		Release|x64 = Release|x64
		Release|x86 = Release|x86
	EndGlobalSection
	GlobalSection(ProjectConfigurationPlatforms) = postSolution
		{D9939A6E-4245-4DB2-8010-7C0E2F5E1224}.Debug|Any CPU.ActiveCfg = Debug|Any CPU
		{D9939A6E-4245-4DB2-8010-7C0E2F5E1224}.Debug|Any CPU.Build.0 = Debug|Any CPU
		{D9939A6E-4245-4DB2-8010-7C0E2F5E1224}.Debug|x64.ActiveCfg = Debug|Any CPU
		{D9939A6E-4245-4DB2-8010-7C0E2F5E1224}.Debug|x64.Build.0 = Debug|Any CPU
		{D9939A6E-4245-4DB2-8010-7C0E2F5E1224}.Debug|x86.ActiveCfg = Debug|Any CPU
		{D9939A6E-4245-4DB2-8010-7C0E2F5E1224}.Debug|x86.Build.0 = Debug|Any CPU
		{D9939A6E-4245-4DB2-8010-7C0E2F5E1224}.Release|Any CPU.ActiveCfg = Release|Any CPU
		{D9939A6E-4245-4DB2-8010-7C0E2F5E1224}.Release|Any CPU.Build.0 = Release|Any CPU
		{D9939A6E-4245-4DB2-8010-7C0E2F5E1224}.Release|x64.ActiveCfg = Release|Any CPU
		{D9939A6E-4245-4DB2-8010-7C0E2F5E1224}.Release|x64.Build.0 = Release|Any CPU
		{D9939A6E-4245-4DB2-8010-7C0E2F5E1224}.Release|x86.ActiveCfg = Release|Any CPU
		{D9939A6E-4245-4DB2-8010-7C0E2F5E1224}.Release|x86.Build.0 = Release|Any CPU
		{4907B8B6-E56A-40D8-A5BF-DE1E1603B5DB}.Debug|Any CPU.ActiveCfg = Debug|Any CPU
		{4907B8B6-E56A-40D8-A5BF-DE1E1603B5DB}.Debug|Any CPU.Build.0 = Debug|Any CPU
		{4907B8B6-E56A-40D8-A5BF-DE1E1603B5DB}.Debug|x64.ActiveCfg = Debug|Any CPU
		{4907B8B6-E56A-40D8-A5BF-DE1E1603B5DB}.Debug|x64.Build.0 = Debug|Any CPU
		{4907B8B6-E56A-40D8-A5BF-DE1E1603B5DB}.Debug|x86.ActiveCfg = Debug|Any CPU
		{4907B8B6-E56A-40D8-A5BF-DE1E1603B5DB}.Debug|x86.Build.0 = Debug|Any CPU
		{4907B8B6-E56A-40D8-A5BF-DE1E1603B5DB}.Release|Any CPU.ActiveCfg = Release|Any CPU
		{4907B8B6-E56A-40D8-A5BF-DE1E1603B5DB}.Release|Any CPU.Build.0 = Release|Any CPU
		{4907B8B6-E56A-40D8-A5BF-DE1E1603B5DB}.Release|x64.ActiveCfg = Release|Any CPU
		{4907B8B6-E56A-40D8-A5BF-DE1E1603B5DB}.Release|x64.Build.0 = Release|Any CPU
		{4907B8B6-E56A-40D8-A5BF-DE1E1603B5DB}.Release|x86.ActiveCfg = Release|Any CPU
		{4907B8B6-E56A-40D8-A5BF-DE1E1603B5DB}.Release|x86.Build.0 = Release|Any CPU
		{061836ED-EA02-4905-BC55-3C1F18CB4703}.Debug|Any CPU.ActiveCfg = Debug|Any CPU
		{061836ED-EA02-4905-BC55-3C1F18CB4703}.Debug|Any CPU.Build.0 = Debug|Any CPU
		{061836ED-EA02-4905-BC55-3C1F18CB4703}.Debug|x64.ActiveCfg = Debug|Any CPU
		{061836ED-EA02-4905-BC55-3C1F18CB4703}.Debug|x64.Build.0 = Debug|Any CPU
		{061836ED-EA02-4905-BC55-3C1F18CB4703}.Debug|x86.ActiveCfg = Debug|Any CPU
		{061836ED-EA02-4905-BC55-3C1F18CB4703}.Debug|x86.Build.0 = Debug|Any CPU
		{061836ED-EA02-4905-BC55-3C1F18CB4703}.Release|Any CPU.ActiveCfg = Release|Any CPU
		{061836ED-EA02-4905-BC55-3C1F18CB4703}.Release|Any CPU.Build.0 = Release|Any CPU
		{061836ED-EA02-4905-BC55-3C1F18CB4703}.Release|x64.ActiveCfg = Release|Any CPU
		{061836ED-EA02-4905-BC55-3C1F18CB4703}.Release|x64.Build.0 = Release|Any CPU
		{061836ED-EA02-4905-BC55-3C1F18CB4703}.Release|x86.ActiveCfg = Release|Any CPU
		{061836ED-EA02-4905-BC55-3C1F18CB4703}.Release|x86.Build.0 = Release|Any CPU
		{1553A181-2428-46AB-BA34-2573C0308B75}.Debug|Any CPU.ActiveCfg = Debug|Any CPU
		{1553A181-2428-46AB-BA34-2573C0308B75}.Debug|Any CPU.Build.0 = Debug|Any CPU
		{1553A181-2428-46AB-BA34-2573C0308B75}.Debug|x64.ActiveCfg = Debug|Any CPU
		{1553A181-2428-46AB-BA34-2573C0308B75}.Debug|x64.Build.0 = Debug|Any CPU
		{1553A181-2428-46AB-BA34-2573C0308B75}.Debug|x86.ActiveCfg = Debug|Any CPU
		{1553A181-2428-46AB-BA34-2573C0308B75}.Debug|x86.Build.0 = Debug|Any CPU
		{1553A181-2428-46AB-BA34-2573C0308B75}.Release|Any CPU.ActiveCfg = Release|Any CPU
		{1553A181-2428-46AB-BA34-2573C0308B75}.Release|Any CPU.Build.0 = Release|Any CPU
		{1553A181-2428-46AB-BA34-2573C0308B75}.Release|x64.ActiveCfg = Release|Any CPU
		{1553A181-2428-46AB-BA34-2573C0308B75}.Release|x64.Build.0 = Release|Any CPU
		{1553A181-2428-46AB-BA34-2573C0308B75}.Release|x86.ActiveCfg = Release|Any CPU
		{1553A181-2428-46AB-BA34-2573C0308B75}.Release|x86.Build.0 = Release|Any CPU
		{6202AD88-DD81-44D4-8AD4-97C96F625035}.Debug|Any CPU.ActiveCfg = Debug|Any CPU
		{6202AD88-DD81-44D4-8AD4-97C96F625035}.Debug|Any CPU.Build.0 = Debug|Any CPU
		{6202AD88-DD81-44D4-8AD4-97C96F625035}.Debug|x64.ActiveCfg = Debug|Any CPU
		{6202AD88-DD81-44D4-8AD4-97C96F625035}.Debug|x64.Build.0 = Debug|Any CPU
		{6202AD88-DD81-44D4-8AD4-97C96F625035}.Debug|x86.ActiveCfg = Debug|Any CPU
		{6202AD88-DD81-44D4-8AD4-97C96F625035}.Debug|x86.Build.0 = Debug|Any CPU
		{6202AD88-DD81-44D4-8AD4-97C96F625035}.Release|Any CPU.ActiveCfg = Release|Any CPU
		{6202AD88-DD81-44D4-8AD4-97C96F625035}.Release|Any CPU.Build.0 = Release|Any CPU
		{6202AD88-DD81-44D4-8AD4-97C96F625035}.Release|x64.ActiveCfg = Release|Any CPU
		{6202AD88-DD81-44D4-8AD4-97C96F625035}.Release|x64.Build.0 = Release|Any CPU
		{6202AD88-DD81-44D4-8AD4-97C96F625035}.Release|x86.ActiveCfg = Release|Any CPU
		{6202AD88-DD81-44D4-8AD4-97C96F625035}.Release|x86.Build.0 = Release|Any CPU
		{F3A4E87F-93F2-43B8-84EB-0A77F120CAA4}.Debug|Any CPU.ActiveCfg = Debug|Any CPU
		{F3A4E87F-93F2-43B8-84EB-0A77F120CAA4}.Debug|Any CPU.Build.0 = Debug|Any CPU
		{F3A4E87F-93F2-43B8-84EB-0A77F120CAA4}.Debug|x64.ActiveCfg = Debug|Any CPU
		{F3A4E87F-93F2-43B8-84EB-0A77F120CAA4}.Debug|x64.Build.0 = Debug|Any CPU
		{F3A4E87F-93F2-43B8-84EB-0A77F120CAA4}.Debug|x86.ActiveCfg = Debug|Any CPU
		{F3A4E87F-93F2-43B8-84EB-0A77F120CAA4}.Debug|x86.Build.0 = Debug|Any CPU
		{F3A4E87F-93F2-43B8-84EB-0A77F120CAA4}.Release|Any CPU.ActiveCfg = Release|Any CPU
		{F3A4E87F-93F2-43B8-84EB-0A77F120CAA4}.Release|Any CPU.Build.0 = Release|Any CPU
		{F3A4E87F-93F2-43B8-84EB-0A77F120CAA4}.Release|x64.ActiveCfg = Release|Any CPU
		{F3A4E87F-93F2-43B8-84EB-0A77F120CAA4}.Release|x64.Build.0 = Release|Any CPU
		{F3A4E87F-93F2-43B8-84EB-0A77F120CAA4}.Release|x86.ActiveCfg = Release|Any CPU
		{F3A4E87F-93F2-43B8-84EB-0A77F120CAA4}.Release|x86.Build.0 = Release|Any CPU
		{F851CE30-19F9-40F3-A703-10A7A2B67FAC}.Debug|Any CPU.ActiveCfg = Debug|Any CPU
		{F851CE30-19F9-40F3-A703-10A7A2B67FAC}.Debug|Any CPU.Build.0 = Debug|Any CPU
		{F851CE30-19F9-40F3-A703-10A7A2B67FAC}.Debug|x64.ActiveCfg = Debug|Any CPU
		{F851CE30-19F9-40F3-A703-10A7A2B67FAC}.Debug|x64.Build.0 = Debug|Any CPU
		{F851CE30-19F9-40F3-A703-10A7A2B67FAC}.Debug|x86.ActiveCfg = Debug|Any CPU
		{F851CE30-19F9-40F3-A703-10A7A2B67FAC}.Debug|x86.Build.0 = Debug|Any CPU
		{F851CE30-19F9-40F3-A703-10A7A2B67FAC}.Release|Any CPU.ActiveCfg = Release|Any CPU
		{F851CE30-19F9-40F3-A703-10A7A2B67FAC}.Release|Any CPU.Build.0 = Release|Any CPU
		{F851CE30-19F9-40F3-A703-10A7A2B67FAC}.Release|x64.ActiveCfg = Release|Any CPU
		{F851CE30-19F9-40F3-A703-10A7A2B67FAC}.Release|x64.Build.0 = Release|Any CPU
		{F851CE30-19F9-40F3-A703-10A7A2B67FAC}.Release|x86.ActiveCfg = Release|Any CPU
		{F851CE30-19F9-40F3-A703-10A7A2B67FAC}.Release|x86.Build.0 = Release|Any CPU
		{03AD2547-8089-4FBA-90AA-32B6FBEAF6A3}.Debug|Any CPU.ActiveCfg = Debug|Any CPU
		{03AD2547-8089-4FBA-90AA-32B6FBEAF6A3}.Debug|Any CPU.Build.0 = Debug|Any CPU
		{03AD2547-8089-4FBA-90AA-32B6FBEAF6A3}.Debug|x64.ActiveCfg = Debug|Any CPU
		{03AD2547-8089-4FBA-90AA-32B6FBEAF6A3}.Debug|x64.Build.0 = Debug|Any CPU
		{03AD2547-8089-4FBA-90AA-32B6FBEAF6A3}.Debug|x86.ActiveCfg = Debug|Any CPU
		{03AD2547-8089-4FBA-90AA-32B6FBEAF6A3}.Debug|x86.Build.0 = Debug|Any CPU
		{03AD2547-8089-4FBA-90AA-32B6FBEAF6A3}.Release|Any CPU.ActiveCfg = Release|Any CPU
		{03AD2547-8089-4FBA-90AA-32B6FBEAF6A3}.Release|Any CPU.Build.0 = Release|Any CPU
		{03AD2547-8089-4FBA-90AA-32B6FBEAF6A3}.Release|x64.ActiveCfg = Release|Any CPU
		{03AD2547-8089-4FBA-90AA-32B6FBEAF6A3}.Release|x64.Build.0 = Release|Any CPU
		{03AD2547-8089-4FBA-90AA-32B6FBEAF6A3}.Release|x86.ActiveCfg = Release|Any CPU
		{03AD2547-8089-4FBA-90AA-32B6FBEAF6A3}.Release|x86.Build.0 = Release|Any CPU
		{EF1418A8-240B-4F48-9D92-0BD3DBA78564}.Debug|Any CPU.ActiveCfg = Debug|Any CPU
		{EF1418A8-240B-4F48-9D92-0BD3DBA78564}.Debug|Any CPU.Build.0 = Debug|Any CPU
		{EF1418A8-240B-4F48-9D92-0BD3DBA78564}.Debug|x64.ActiveCfg = Debug|Any CPU
		{EF1418A8-240B-4F48-9D92-0BD3DBA78564}.Debug|x64.Build.0 = Debug|Any CPU
		{EF1418A8-240B-4F48-9D92-0BD3DBA78564}.Debug|x86.ActiveCfg = Debug|Any CPU
		{EF1418A8-240B-4F48-9D92-0BD3DBA78564}.Debug|x86.Build.0 = Debug|Any CPU
		{EF1418A8-240B-4F48-9D92-0BD3DBA78564}.Release|Any CPU.ActiveCfg = Release|Any CPU
		{EF1418A8-240B-4F48-9D92-0BD3DBA78564}.Release|Any CPU.Build.0 = Release|Any CPU
		{EF1418A8-240B-4F48-9D92-0BD3DBA78564}.Release|x64.ActiveCfg = Release|Any CPU
		{EF1418A8-240B-4F48-9D92-0BD3DBA78564}.Release|x64.Build.0 = Release|Any CPU
		{EF1418A8-240B-4F48-9D92-0BD3DBA78564}.Release|x86.ActiveCfg = Release|Any CPU
		{EF1418A8-240B-4F48-9D92-0BD3DBA78564}.Release|x86.Build.0 = Release|Any CPU
	EndGlobalSection
	GlobalSection(SolutionProperties) = preSolution
		HideSolutionNode = FALSE
	EndGlobalSection
	GlobalSection(NestedProjects) = preSolution
		{D9939A6E-4245-4DB2-8010-7C0E2F5E1224} = {4C7A4A20-A817-45E8-9607-36D5C7AEE47B}
		{4907B8B6-E56A-40D8-A5BF-DE1E1603B5DB} = {4C7A4A20-A817-45E8-9607-36D5C7AEE47B}
		{1553A181-2428-46AB-BA34-2573C0308B75} = {D7E85E6C-50BD-4787-852F-BDFB5DF398AC}
		{6202AD88-DD81-44D4-8AD4-97C96F625035} = {D7E85E6C-50BD-4787-852F-BDFB5DF398AC}
		{F3A4E87F-93F2-43B8-84EB-0A77F120CAA4} = {D7E85E6C-50BD-4787-852F-BDFB5DF398AC}
		{F851CE30-19F9-40F3-A703-10A7A2B67FAC} = {66DA8BAB-B431-4C61-B3AD-1784BD11E59E}
		{03AD2547-8089-4FBA-90AA-32B6FBEAF6A3} = {66DA8BAB-B431-4C61-B3AD-1784BD11E59E}
		{EF1418A8-240B-4F48-9D92-0BD3DBA78564} = {66DA8BAB-B431-4C61-B3AD-1784BD11E59E}
	EndGlobalSection
	GlobalSection(ExtensibilityGlobals) = postSolution
		SolutionGuid = {C058EDCE-6992-4250-B69C-0BC2540BA888}
	EndGlobalSection
EndGlobal
