
Microsoft Visual Studio Solution File, Format Version 12.00
# Visual Studio Version 16
VisualStudioVersion = 16.0.30225.117
MinimumVisualStudioVersion = 15.0.26124.0
Project("{9A19103F-16F7-4668-BE54-9A1E7A4F7556}") = "ABJAD.Lexer", "ABJAD.Lexer\ABJAD.Lexer.csproj", "{02C18238-88A5-444E-A46D-47E792EB03F3}"
EndProject
Project("{2150E333-8FDC-42A3-9474-1A3956D46DE8}") = "Solution Items", "Solution Items", "{4DFAF2B0-3524-4D00-9F71-B954A4E605A1}"
	ProjectSection(SolutionItems) = preProject
		context-free grammar.md = context-free grammar.md
		tokens.md = tokens.md
	EndProjectSection
EndProject
Project("{9A19103F-16F7-4668-BE54-9A1E7A4F7556}") = "ABJAD.File", "ABJAD.Reader\ABJAD.File.csproj", "{10D06D64-D8F3-40DC-9383-17F77C9CC7A5}"
EndProject
Project("{9A19103F-16F7-4668-BE54-9A1E7A4F7556}") = "ABJAD.Models", "ABJAD.Models\ABJAD.Models.csproj", "{D9939A6E-4245-4DB2-8010-7C0E2F5E1224}"
EndProject
Project("{9A19103F-16F7-4668-BE54-9A1E7A4F7556}") = "Program", "Program\Program.csproj", "{0E231B75-C7F7-4BD1-9154-F7F1FA673D62}"
EndProject
Project("{9A19103F-16F7-4668-BE54-9A1E7A4F7556}") = "ABJAD.Parser", "ABJAD.Parser\ABJAD.Parser.csproj", "{904B5298-4221-4BE8-8075-9A034A550D07}"
EndProject
Project("{9A19103F-16F7-4668-BE54-9A1E7A4F7556}") = "ABJAD.Interpreter", "ABJAD.Interpreter\ABJAD.Interpreter.csproj", "{AFE77A6B-73BE-4D4D-9B10-AD8CFC96D410}"
EndProject
Global
	GlobalSection(SolutionConfigurationPlatforms) = preSolution
		Debug|Any CPU = Debug|Any CPU
		Debug|x64 = Debug|x64
		Debug|x86 = Debug|x86
		Release|Any CPU = Release|Any CPU
		Release|x64 = Release|x64
		Release|x86 = Release|x86
	EndGlobalSection
	GlobalSection(ProjectConfigurationPlatforms) = postSolution
		{02C18238-88A5-444E-A46D-47E792EB03F3}.Debug|Any CPU.ActiveCfg = Debug|Any CPU
		{02C18238-88A5-444E-A46D-47E792EB03F3}.Debug|Any CPU.Build.0 = Debug|Any CPU
		{02C18238-88A5-444E-A46D-47E792EB03F3}.Debug|x64.ActiveCfg = Debug|Any CPU
		{02C18238-88A5-444E-A46D-47E792EB03F3}.Debug|x64.Build.0 = Debug|Any CPU
		{02C18238-88A5-444E-A46D-47E792EB03F3}.Debug|x86.ActiveCfg = Debug|Any CPU
		{02C18238-88A5-444E-A46D-47E792EB03F3}.Debug|x86.Build.0 = Debug|Any CPU
		{02C18238-88A5-444E-A46D-47E792EB03F3}.Release|Any CPU.ActiveCfg = Release|Any CPU
		{02C18238-88A5-444E-A46D-47E792EB03F3}.Release|Any CPU.Build.0 = Release|Any CPU
		{02C18238-88A5-444E-A46D-47E792EB03F3}.Release|x64.ActiveCfg = Release|Any CPU
		{02C18238-88A5-444E-A46D-47E792EB03F3}.Release|x64.Build.0 = Release|Any CPU
		{02C18238-88A5-444E-A46D-47E792EB03F3}.Release|x86.ActiveCfg = Release|Any CPU
		{02C18238-88A5-444E-A46D-47E792EB03F3}.Release|x86.Build.0 = Release|Any CPU
		{10D06D64-D8F3-40DC-9383-17F77C9CC7A5}.Debug|Any CPU.ActiveCfg = Debug|Any CPU
		{10D06D64-D8F3-40DC-9383-17F77C9CC7A5}.Debug|Any CPU.Build.0 = Debug|Any CPU
		{10D06D64-D8F3-40DC-9383-17F77C9CC7A5}.Debug|x64.ActiveCfg = Debug|Any CPU
		{10D06D64-D8F3-40DC-9383-17F77C9CC7A5}.Debug|x64.Build.0 = Debug|Any CPU
		{10D06D64-D8F3-40DC-9383-17F77C9CC7A5}.Debug|x86.ActiveCfg = Debug|Any CPU
		{10D06D64-D8F3-40DC-9383-17F77C9CC7A5}.Debug|x86.Build.0 = Debug|Any CPU
		{10D06D64-D8F3-40DC-9383-17F77C9CC7A5}.Release|Any CPU.ActiveCfg = Release|Any CPU
		{10D06D64-D8F3-40DC-9383-17F77C9CC7A5}.Release|Any CPU.Build.0 = Release|Any CPU
		{10D06D64-D8F3-40DC-9383-17F77C9CC7A5}.Release|x64.ActiveCfg = Release|Any CPU
		{10D06D64-D8F3-40DC-9383-17F77C9CC7A5}.Release|x64.Build.0 = Release|Any CPU
		{10D06D64-D8F3-40DC-9383-17F77C9CC7A5}.Release|x86.ActiveCfg = Release|Any CPU
		{10D06D64-D8F3-40DC-9383-17F77C9CC7A5}.Release|x86.Build.0 = Release|Any CPU
		{D9939A6E-4245-4DB2-8010-7C0E2F5E1224}.Debug|Any CPU.ActiveCfg = Debug|Any CPU
		{D9939A6E-4245-4DB2-8010-7C0E2F5E1224}.Debug|Any CPU.Build.0 = Debug|Any CPU
		{D9939A6E-4245-4DB2-8010-7C0E2F5E1224}.Debug|x64.ActiveCfg = Debug|Any CPU
		{D9939A6E-4245-4DB2-8010-7C0E2F5E1224}.Debug|x64.Build.0 = Debug|Any CPU
		{D9939A6E-4245-4DB2-8010-7C0E2F5E1224}.Debug|x86.ActiveCfg = Debug|Any CPU
		{D9939A6E-4245-4DB2-8010-7C0E2F5E1224}.Debug|x86.Build.0 = Debug|Any CPU
		{D9939A6E-4245-4DB2-8010-7C0E2F5E1224}.Release|Any CPU.ActiveCfg = Release|Any CPU
		{D9939A6E-4245-4DB2-8010-7C0E2F5E1224}.Release|Any CPU.Build.0 = Release|Any CPU
		{D9939A6E-4245-4DB2-8010-7C0E2F5E1224}.Release|x64.ActiveCfg = Release|Any CPU
		{D9939A6E-4245-4DB2-8010-7C0E2F5E1224}.Release|x64.Build.0 = Release|Any CPU
		{D9939A6E-4245-4DB2-8010-7C0E2F5E1224}.Release|x86.ActiveCfg = Release|Any CPU
		{D9939A6E-4245-4DB2-8010-7C0E2F5E1224}.Release|x86.Build.0 = Release|Any CPU
		{0E231B75-C7F7-4BD1-9154-F7F1FA673D62}.Debug|Any CPU.ActiveCfg = Debug|Any CPU
		{0E231B75-C7F7-4BD1-9154-F7F1FA673D62}.Debug|Any CPU.Build.0 = Debug|Any CPU
		{0E231B75-C7F7-4BD1-9154-F7F1FA673D62}.Debug|x64.ActiveCfg = Debug|Any CPU
		{0E231B75-C7F7-4BD1-9154-F7F1FA673D62}.Debug|x64.Build.0 = Debug|Any CPU
		{0E231B75-C7F7-4BD1-9154-F7F1FA673D62}.Debug|x86.ActiveCfg = Debug|Any CPU
		{0E231B75-C7F7-4BD1-9154-F7F1FA673D62}.Debug|x86.Build.0 = Debug|Any CPU
		{0E231B75-C7F7-4BD1-9154-F7F1FA673D62}.Release|Any CPU.ActiveCfg = Release|Any CPU
		{0E231B75-C7F7-4BD1-9154-F7F1FA673D62}.Release|Any CPU.Build.0 = Release|Any CPU
		{0E231B75-C7F7-4BD1-9154-F7F1FA673D62}.Release|x64.ActiveCfg = Release|Any CPU
		{0E231B75-C7F7-4BD1-9154-F7F1FA673D62}.Release|x64.Build.0 = Release|Any CPU
		{0E231B75-C7F7-4BD1-9154-F7F1FA673D62}.Release|x86.ActiveCfg = Release|Any CPU
		{0E231B75-C7F7-4BD1-9154-F7F1FA673D62}.Release|x86.Build.0 = Release|Any CPU
		{904B5298-4221-4BE8-8075-9A034A550D07}.Debug|Any CPU.ActiveCfg = Debug|Any CPU
		{904B5298-4221-4BE8-8075-9A034A550D07}.Debug|Any CPU.Build.0 = Debug|Any CPU
		{904B5298-4221-4BE8-8075-9A034A550D07}.Debug|x64.ActiveCfg = Debug|Any CPU
		{904B5298-4221-4BE8-8075-9A034A550D07}.Debug|x64.Build.0 = Debug|Any CPU
		{904B5298-4221-4BE8-8075-9A034A550D07}.Debug|x86.ActiveCfg = Debug|Any CPU
		{904B5298-4221-4BE8-8075-9A034A550D07}.Debug|x86.Build.0 = Debug|Any CPU
		{904B5298-4221-4BE8-8075-9A034A550D07}.Release|Any CPU.ActiveCfg = Release|Any CPU
		{904B5298-4221-4BE8-8075-9A034A550D07}.Release|Any CPU.Build.0 = Release|Any CPU
		{904B5298-4221-4BE8-8075-9A034A550D07}.Release|x64.ActiveCfg = Release|Any CPU
		{904B5298-4221-4BE8-8075-9A034A550D07}.Release|x64.Build.0 = Release|Any CPU
		{904B5298-4221-4BE8-8075-9A034A550D07}.Release|x86.ActiveCfg = Release|Any CPU
		{904B5298-4221-4BE8-8075-9A034A550D07}.Release|x86.Build.0 = Release|Any CPU
		{AFE77A6B-73BE-4D4D-9B10-AD8CFC96D410}.Debug|Any CPU.ActiveCfg = Debug|Any CPU
		{AFE77A6B-73BE-4D4D-9B10-AD8CFC96D410}.Debug|Any CPU.Build.0 = Debug|Any CPU
		{AFE77A6B-73BE-4D4D-9B10-AD8CFC96D410}.Debug|x64.ActiveCfg = Debug|Any CPU
		{AFE77A6B-73BE-4D4D-9B10-AD8CFC96D410}.Debug|x64.Build.0 = Debug|Any CPU
		{AFE77A6B-73BE-4D4D-9B10-AD8CFC96D410}.Debug|x86.ActiveCfg = Debug|Any CPU
		{AFE77A6B-73BE-4D4D-9B10-AD8CFC96D410}.Debug|x86.Build.0 = Debug|Any CPU
		{AFE77A6B-73BE-4D4D-9B10-AD8CFC96D410}.Release|Any CPU.ActiveCfg = Release|Any CPU
		{AFE77A6B-73BE-4D4D-9B10-AD8CFC96D410}.Release|Any CPU.Build.0 = Release|Any CPU
		{AFE77A6B-73BE-4D4D-9B10-AD8CFC96D410}.Release|x64.ActiveCfg = Release|Any CPU
		{AFE77A6B-73BE-4D4D-9B10-AD8CFC96D410}.Release|x64.Build.0 = Release|Any CPU
		{AFE77A6B-73BE-4D4D-9B10-AD8CFC96D410}.Release|x86.ActiveCfg = Release|Any CPU
		{AFE77A6B-73BE-4D4D-9B10-AD8CFC96D410}.Release|x86.Build.0 = Release|Any CPU
	EndGlobalSection
	GlobalSection(SolutionProperties) = preSolution
		HideSolutionNode = FALSE
	EndGlobalSection
	GlobalSection(ExtensibilityGlobals) = postSolution
		SolutionGuid = {C058EDCE-6992-4250-B69C-0BC2540BA888}
	EndGlobalSection
EndGlobal
